// !$*UTF8*$!
{
	archiveVersion = 1;
	classes = {
	};
	objectVersion = 70;
	objects = {

/* Begin PBXBuildFile section */
		980391CA2CAC6599003DB494 /* AppDelegate.swift in Sources */ = {isa = PBXBuildFile; fileRef = 980391C92CAC6599003DB494 /* AppDelegate.swift */; };
		980391CC2CAC6599003DB494 /* SceneDelegate.swift in Sources */ = {isa = PBXBuildFile; fileRef = 980391CB2CAC6599003DB494 /* SceneDelegate.swift */; };
		980391D12CAC6599003DB494 /* Base in Resources */ = {isa = PBXBuildFile; fileRef = 980391D02CAC6599003DB494 /* Base */; };
		980391D32CAC659A003DB494 /* Assets.xcassets in Resources */ = {isa = PBXBuildFile; fileRef = 980391D22CAC659A003DB494 /* Assets.xcassets */; };
		980391D62CAC659A003DB494 /* Base in Resources */ = {isa = PBXBuildFile; fileRef = 980391D52CAC659A003DB494 /* Base */; };
		9815E3352CFC786600FB9749 /* CoreStore in Frameworks */ = {isa = PBXBuildFile; productRef = 9815E3342CFC786600FB9749 /* CoreStore */; };
		981DD8E42D033FB500BC79CD /* Main.storyboard in Resources */ = {isa = PBXBuildFile; fileRef = 980391CF2CAC6599003DB494 /* Main.storyboard */; };
		988EDA742CF22A1A00F78452 /* Alamofire in Frameworks */ = {isa = PBXBuildFile; productRef = 988EDA732CF22A1A00F78452 /* Alamofire */; };
		988EDA772CF22A5C00F78452 /* SwiftyJSON in Frameworks */ = {isa = PBXBuildFile; productRef = 988EDA762CF22A5C00F78452 /* SwiftyJSON */; };
		988EDA7A2CF22A7800F78452 /* SDWebImage in Frameworks */ = {isa = PBXBuildFile; productRef = 988EDA792CF22A7800F78452 /* SDWebImage */; };
		988EDA7C2CF22A7800F78452 /* SDWebImageMapKit in Frameworks */ = {isa = PBXBuildFile; productRef = 988EDA7B2CF22A7800F78452 /* SDWebImageMapKit */; };
		988EDA7F2CF22A9600F78452 /* IQKeyboardManagerSwift in Frameworks */ = {isa = PBXBuildFile; productRef = 988EDA7E2CF22A9600F78452 /* IQKeyboardManagerSwift */; };
		98C4DF912CFEFAAD0034E0D8 /* BatApp.xcdatamodeld in Sources */ = {isa = PBXBuildFile; fileRef = 98C4DF8F2CFEFAAD0034E0D8 /* BatApp.xcdatamodeld */; };
/* End PBXBuildFile section */

/* Begin PBXFileReference section */
		980391C62CAC6599003DB494 /* BatApp.app */ = {isa = PBXFileReference; explicitFileType = wrapper.application; includeInIndex = 0; path = BatApp.app; sourceTree = BUILT_PRODUCTS_DIR; };
		980391C92CAC6599003DB494 /* AppDelegate.swift */ = {isa = PBXFileReference; lastKnownFileType = sourcecode.swift; path = AppDelegate.swift; sourceTree = "<group>"; };
		980391CB2CAC6599003DB494 /* SceneDelegate.swift */ = {isa = PBXFileReference; lastKnownFileType = sourcecode.swift; path = SceneDelegate.swift; sourceTree = "<group>"; };
		980391D02CAC6599003DB494 /* Base */ = {isa = PBXFileReference; lastKnownFileType = file.storyboard; name = Base; path = Base.lproj/Main.storyboard; sourceTree = "<group>"; };
		980391D22CAC659A003DB494 /* Assets.xcassets */ = {isa = PBXFileReference; lastKnownFileType = folder.assetcatalog; path = Assets.xcassets; sourceTree = "<group>"; };
		980391D52CAC659A003DB494 /* Base */ = {isa = PBXFileReference; lastKnownFileType = file.storyboard; name = Base; path = Base.lproj/LaunchScreen.storyboard; sourceTree = "<group>"; };
		980391D72CAC659A003DB494 /* Info.plist */ = {isa = PBXFileReference; lastKnownFileType = text.plist.xml; path = Info.plist; sourceTree = "<group>"; };
		981DD8E22D033FAC00BC79CD /* es */ = {isa = PBXFileReference; lastKnownFileType = text.plist.strings; name = es; path = es.lproj/Main.strings; sourceTree = "<group>"; };
		981DD8E32D033FAD00BC79CD /* es */ = {isa = PBXFileReference; lastKnownFileType = text.plist.strings; name = es; path = es.lproj/LaunchScreen.strings; sourceTree = "<group>"; };
		981DD8E52D03407600BC79CD /* ca */ = {isa = PBXFileReference; lastKnownFileType = text.plist.strings; name = ca; path = ca.lproj/Main.strings; sourceTree = "<group>"; };
		981DD8E62D03407600BC79CD /* ca */ = {isa = PBXFileReference; lastKnownFileType = text.plist.strings; name = ca; path = ca.lproj/LaunchScreen.strings; sourceTree = "<group>"; };
		981DD9062D03424800BC79CD /* en */ = {isa = PBXFileReference; lastKnownFileType = text.plist.strings; name = en; path = en.lproj/Main.strings; sourceTree = "<group>"; };
		98C4DF902CFEFAAD0034E0D8 /* BatApp.xcdatamodel */ = {isa = PBXFileReference; lastKnownFileType = wrapper.xcdatamodel; path = BatApp.xcdatamodel; sourceTree = "<group>"; };
/* End PBXFileReference section */

/* Begin PBXFileSystemSynchronizedRootGroup section */
		980D87B52D0F411100BF7D59 /* Utilities */ = {isa = PBXFileSystemSynchronizedRootGroup; explicitFileTypes = {}; explicitFolders = (); path = Utilities; sourceTree = "<group>"; };
		981DD8EA2D03414800BC79CD /* Localizable */ = {isa = PBXFileSystemSynchronizedRootGroup; explicitFileTypes = {}; explicitFolders = (); path = Localizable; sourceTree = "<group>"; };
		9854DF842CCE580B009CFE71 /* Custom Cells */ = {isa = PBXFileSystemSynchronizedRootGroup; explicitFileTypes = {}; explicitFolders = (); path = "Custom Cells"; sourceTree = "<group>"; };
		987E76DC2CFF8C74007B3F54 /* Controllers */ = {isa = PBXFileSystemSynchronizedRootGroup; explicitFileTypes = {}; explicitFolders = (); path = Controllers; sourceTree = "<group>"; };
		987E76DE2CFF908C007B3F54 /* Elements */ = {isa = PBXFileSystemSynchronizedRootGroup; explicitFileTypes = {}; explicitFolders = (); path = Elements; sourceTree = "<group>"; };
		987E76EC2CFF9117007B3F54 /* Persistence */ = {isa = PBXFileSystemSynchronizedRootGroup; explicitFileTypes = {}; explicitFolders = (); path = Persistence; sourceTree = "<group>"; };
/* End PBXFileSystemSynchronizedRootGroup section */

/* Begin PBXFrameworksBuildPhase section */
		980391C32CAC6599003DB494 /* Frameworks */ = {
			isa = PBXFrameworksBuildPhase;
			buildActionMask = 2147483647;
			files = (
				988EDA7F2CF22A9600F78452 /* IQKeyboardManagerSwift in Frameworks */,
				9815E3352CFC786600FB9749 /* CoreStore in Frameworks */,
				988EDA7A2CF22A7800F78452 /* SDWebImage in Frameworks */,
				988EDA772CF22A5C00F78452 /* SwiftyJSON in Frameworks */,
				988EDA7C2CF22A7800F78452 /* SDWebImageMapKit in Frameworks */,
				988EDA742CF22A1A00F78452 /* Alamofire in Frameworks */,
			);
			runOnlyForDeploymentPostprocessing = 0;
		};
/* End PBXFrameworksBuildPhase section */

/* Begin PBXGroup section */
		980391BD2CAC6599003DB494 = {
			isa = PBXGroup;
			children = (
				980391C82CAC6599003DB494 /* BatApp */,
				980391C72CAC6599003DB494 /* Products */,
			);
			sourceTree = "<group>";
		};
		980391C72CAC6599003DB494 /* Products */ = {
			isa = PBXGroup;
			children = (
				980391C62CAC6599003DB494 /* BatApp.app */,
			);
			name = Products;
			sourceTree = "<group>";
		};
		980391C82CAC6599003DB494 /* BatApp */ = {
			isa = PBXGroup;
			children = (
				980D87B52D0F411100BF7D59 /* Utilities */,
				987E76EC2CFF9117007B3F54 /* Persistence */,
				987E76DE2CFF908C007B3F54 /* Elements */,
				987E76DC2CFF8C74007B3F54 /* Controllers */,
				9854DF842CCE580B009CFE71 /* Custom Cells */,
				980391C92CAC6599003DB494 /* AppDelegate.swift */,
				980391CB2CAC6599003DB494 /* SceneDelegate.swift */,
				980391CF2CAC6599003DB494 /* Main.storyboard */,
				980391D22CAC659A003DB494 /* Assets.xcassets */,
				980391D42CAC659A003DB494 /* LaunchScreen.storyboard */,
				980391D72CAC659A003DB494 /* Info.plist */,
				98C4DF8F2CFEFAAD0034E0D8 /* BatApp.xcdatamodeld */,
				981DD8EA2D03414800BC79CD /* Localizable */,
			);
			path = BatApp;
			sourceTree = "<group>";
		};
/* End PBXGroup section */

/* Begin PBXNativeTarget section */
		980391C52CAC6599003DB494 /* BatApp */ = {
			isa = PBXNativeTarget;
			buildConfigurationList = 980391DA2CAC659A003DB494 /* Build configuration list for PBXNativeTarget "BatApp" */;
			buildPhases = (
				980391C22CAC6599003DB494 /* Sources */,
				980391C32CAC6599003DB494 /* Frameworks */,
				980391C42CAC6599003DB494 /* Resources */,
			);
			buildRules = (
			);
			dependencies = (
			);
			fileSystemSynchronizedGroups = (
				980D87B52D0F411100BF7D59 /* Utilities */,
				981DD8EA2D03414800BC79CD /* Localizable */,
				9854DF842CCE580B009CFE71 /* Custom Cells */,
				987E76DC2CFF8C74007B3F54 /* Controllers */,
				987E76DE2CFF908C007B3F54 /* Elements */,
				987E76EC2CFF9117007B3F54 /* Persistence */,
			);
			name = BatApp;
			productName = BatApp;
			productReference = 980391C62CAC6599003DB494 /* BatApp.app */;
			productType = "com.apple.product-type.application";
		};
/* End PBXNativeTarget section */

/* Begin PBXProject section */
		980391BE2CAC6599003DB494 /* Project object */ = {
			isa = PBXProject;
			attributes = {
				BuildIndependentTargetsInParallel = 1;
				LastSwiftUpdateCheck = 1540;
				LastUpgradeCheck = 1540;
				TargetAttributes = {
					980391C52CAC6599003DB494 = {
						CreatedOnToolsVersion = 15.4;
					};
				};
			};
			buildConfigurationList = 980391C12CAC6599003DB494 /* Build configuration list for PBXProject "BatApp" */;
			compatibilityVersion = "Xcode 14.0";
			developmentRegion = en;
			hasScannedForEncodings = 0;
			knownRegions = (
				en,
				Base,
				es,
				ca,
			);
			mainGroup = 980391BD2CAC6599003DB494;
			packageReferences = (
				988EDA722CF22A1A00F78452 /* XCRemoteSwiftPackageReference "Alamofire" */,
				988EDA752CF22A5C00F78452 /* XCRemoteSwiftPackageReference "SwiftyJSON" */,
				988EDA782CF22A7800F78452 /* XCRemoteSwiftPackageReference "SDWebImage" */,
				988EDA7D2CF22A9600F78452 /* XCRemoteSwiftPackageReference "IQKeyboardManager" */,
				9815E3332CFC786600FB9749 /* XCRemoteSwiftPackageReference "CoreStore" */,
			);
			productRefGroup = 980391C72CAC6599003DB494 /* Products */;
			projectDirPath = "";
			projectRoot = "";
			targets = (
				980391C52CAC6599003DB494 /* BatApp */,
			);
		};
/* End PBXProject section */

/* Begin PBXResourcesBuildPhase section */
		980391C42CAC6599003DB494 /* Resources */ = {
			isa = PBXResourcesBuildPhase;
			buildActionMask = 2147483647;
			files = (
				981DD8E42D033FB500BC79CD /* Main.storyboard in Resources */,
				980391D32CAC659A003DB494 /* Assets.xcassets in Resources */,
				980391D62CAC659A003DB494 /* Base in Resources */,
				980391D12CAC6599003DB494 /* Base in Resources */,
			);
			runOnlyForDeploymentPostprocessing = 0;
		};
/* End PBXResourcesBuildPhase section */

/* Begin PBXSourcesBuildPhase section */
		980391C22CAC6599003DB494 /* Sources */ = {
			isa = PBXSourcesBuildPhase;
			buildActionMask = 2147483647;
			files = (
				980391CA2CAC6599003DB494 /* AppDelegate.swift in Sources */,
				980391CC2CAC6599003DB494 /* SceneDelegate.swift in Sources */,
				98C4DF912CFEFAAD0034E0D8 /* BatApp.xcdatamodeld in Sources */,
			);
			runOnlyForDeploymentPostprocessing = 0;
		};
/* End PBXSourcesBuildPhase section */

/* Begin PBXVariantGroup section */
		980391CF2CAC6599003DB494 /* Main.storyboard */ = {
			isa = PBXVariantGroup;
			children = (
				980391D02CAC6599003DB494 /* Base */,
				981DD8E22D033FAC00BC79CD /* es */,
				981DD8E52D03407600BC79CD /* ca */,
				981DD9062D03424800BC79CD /* en */,
			);
			name = Main.storyboard;
			sourceTree = "<group>";
		};
		980391D42CAC659A003DB494 /* LaunchScreen.storyboard */ = {
			isa = PBXVariantGroup;
			children = (
				980391D52CAC659A003DB494 /* Base */,
				981DD8E32D033FAD00BC79CD /* es */,
				981DD8E62D03407600BC79CD /* ca */,
			);
			name = LaunchScreen.storyboard;
			sourceTree = "<group>";
		};
/* End PBXVariantGroup section */

/* Begin XCBuildConfiguration section */
		980391D82CAC659A003DB494 /* Debug */ = {
			isa = XCBuildConfiguration;
			buildSettings = {
				ALWAYS_SEARCH_USER_PATHS = NO;
				ASSETCATALOG_COMPILER_GENERATE_SWIFT_ASSET_SYMBOL_EXTENSIONS = YES;
				CLANG_ANALYZER_LOCALIZABILITY_NONLOCALIZED = YES;
				CLANG_ANALYZER_NONNULL = YES;
				CLANG_ANALYZER_NUMBER_OBJECT_CONVERSION = YES_AGGRESSIVE;
				CLANG_CXX_LANGUAGE_STANDARD = "gnu++20";
				CLANG_ENABLE_MODULES = YES;
				CLANG_ENABLE_OBJC_ARC = YES;
				CLANG_ENABLE_OBJC_WEAK = YES;
				CLANG_WARN_BLOCK_CAPTURE_AUTORELEASING = YES;
				CLANG_WARN_BOOL_CONVERSION = YES;
				CLANG_WARN_COMMA = YES;
				CLANG_WARN_CONSTANT_CONVERSION = YES;
				CLANG_WARN_DEPRECATED_OBJC_IMPLEMENTATIONS = YES;
				CLANG_WARN_DIRECT_OBJC_ISA_USAGE = YES_ERROR;
				CLANG_WARN_DOCUMENTATION_COMMENTS = YES;
				CLANG_WARN_EMPTY_BODY = YES;
				CLANG_WARN_ENUM_CONVERSION = YES;
				CLANG_WARN_INFINITE_RECURSION = YES;
				CLANG_WARN_INT_CONVERSION = YES;
				CLANG_WARN_NON_LITERAL_NULL_CONVERSION = YES;
				CLANG_WARN_OBJC_IMPLICIT_RETAIN_SELF = YES;
				CLANG_WARN_OBJC_LITERAL_CONVERSION = YES;
				CLANG_WARN_OBJC_ROOT_CLASS = YES_ERROR;
				CLANG_WARN_QUOTED_INCLUDE_IN_FRAMEWORK_HEADER = YES;
				CLANG_WARN_RANGE_LOOP_ANALYSIS = YES;
				CLANG_WARN_STRICT_PROTOTYPES = YES;
				CLANG_WARN_SUSPICIOUS_MOVE = YES;
				CLANG_WARN_UNGUARDED_AVAILABILITY = YES_AGGRESSIVE;
				CLANG_WARN_UNREACHABLE_CODE = YES;
				CLANG_WARN__DUPLICATE_METHOD_MATCH = YES;
				COPY_PHASE_STRIP = NO;
				DEBUG_INFORMATION_FORMAT = dwarf;
				ENABLE_STRICT_OBJC_MSGSEND = YES;
				ENABLE_TESTABILITY = YES;
				ENABLE_USER_SCRIPT_SANDBOXING = YES;
				GCC_C_LANGUAGE_STANDARD = gnu17;
				GCC_DYNAMIC_NO_PIC = NO;
				GCC_NO_COMMON_BLOCKS = YES;
				GCC_OPTIMIZATION_LEVEL = 0;
				GCC_PREPROCESSOR_DEFINITIONS = (
					"DEBUG=1",
					"$(inherited)",
				);
				GCC_WARN_64_TO_32_BIT_CONVERSION = YES;
				GCC_WARN_ABOUT_RETURN_TYPE = YES_ERROR;
				GCC_WARN_UNDECLARED_SELECTOR = YES;
				GCC_WARN_UNINITIALIZED_AUTOS = YES_AGGRESSIVE;
				GCC_WARN_UNUSED_FUNCTION = YES;
				GCC_WARN_UNUSED_VARIABLE = YES;
				IPHONEOS_DEPLOYMENT_TARGET = 17.5;
				LOCALIZATION_PREFERS_STRING_CATALOGS = YES;
				MTL_ENABLE_DEBUG_INFO = INCLUDE_SOURCE;
				MTL_FAST_MATH = YES;
				ONLY_ACTIVE_ARCH = YES;
				SDKROOT = iphoneos;
				SWIFT_ACTIVE_COMPILATION_CONDITIONS = "DEBUG $(inherited)";
				SWIFT_EMIT_LOC_STRINGS = YES;
				SWIFT_OPTIMIZATION_LEVEL = "-Onone";
			};
			name = Debug;
		};
		980391D92CAC659A003DB494 /* Release */ = {
			isa = XCBuildConfiguration;
			buildSettings = {
				ALWAYS_SEARCH_USER_PATHS = NO;
				ASSETCATALOG_COMPILER_GENERATE_SWIFT_ASSET_SYMBOL_EXTENSIONS = YES;
				CLANG_ANALYZER_LOCALIZABILITY_NONLOCALIZED = YES;
				CLANG_ANALYZER_NONNULL = YES;
				CLANG_ANALYZER_NUMBER_OBJECT_CONVERSION = YES_AGGRESSIVE;
				CLANG_CXX_LANGUAGE_STANDARD = "gnu++20";
				CLANG_ENABLE_MODULES = YES;
				CLANG_ENABLE_OBJC_ARC = YES;
				CLANG_ENABLE_OBJC_WEAK = YES;
				CLANG_WARN_BLOCK_CAPTURE_AUTORELEASING = YES;
				CLANG_WARN_BOOL_CONVERSION = YES;
				CLANG_WARN_COMMA = YES;
				CLANG_WARN_CONSTANT_CONVERSION = YES;
				CLANG_WARN_DEPRECATED_OBJC_IMPLEMENTATIONS = YES;
				CLANG_WARN_DIRECT_OBJC_ISA_USAGE = YES_ERROR;
				CLANG_WARN_DOCUMENTATION_COMMENTS = YES;
				CLANG_WARN_EMPTY_BODY = YES;
				CLANG_WARN_ENUM_CONVERSION = YES;
				CLANG_WARN_INFINITE_RECURSION = YES;
				CLANG_WARN_INT_CONVERSION = YES;
				CLANG_WARN_NON_LITERAL_NULL_CONVERSION = YES;
				CLANG_WARN_OBJC_IMPLICIT_RETAIN_SELF = YES;
				CLANG_WARN_OBJC_LITERAL_CONVERSION = YES;
				CLANG_WARN_OBJC_ROOT_CLASS = YES_ERROR;
				CLANG_WARN_QUOTED_INCLUDE_IN_FRAMEWORK_HEADER = YES;
				CLANG_WARN_RANGE_LOOP_ANALYSIS = YES;
				CLANG_WARN_STRICT_PROTOTYPES = YES;
				CLANG_WARN_SUSPICIOUS_MOVE = YES;
				CLANG_WARN_UNGUARDED_AVAILABILITY = YES_AGGRESSIVE;
				CLANG_WARN_UNREACHABLE_CODE = YES;
				CLANG_WARN__DUPLICATE_METHOD_MATCH = YES;
				COPY_PHASE_STRIP = NO;
				DEBUG_INFORMATION_FORMAT = "dwarf-with-dsym";
				ENABLE_NS_ASSERTIONS = NO;
				ENABLE_STRICT_OBJC_MSGSEND = YES;
				ENABLE_USER_SCRIPT_SANDBOXING = YES;
				GCC_C_LANGUAGE_STANDARD = gnu17;
				GCC_NO_COMMON_BLOCKS = YES;
				GCC_WARN_64_TO_32_BIT_CONVERSION = YES;
				GCC_WARN_ABOUT_RETURN_TYPE = YES_ERROR;
				GCC_WARN_UNDECLARED_SELECTOR = YES;
				GCC_WARN_UNINITIALIZED_AUTOS = YES_AGGRESSIVE;
				GCC_WARN_UNUSED_FUNCTION = YES;
				GCC_WARN_UNUSED_VARIABLE = YES;
				IPHONEOS_DEPLOYMENT_TARGET = 17.5;
				LOCALIZATION_PREFERS_STRING_CATALOGS = YES;
				MTL_ENABLE_DEBUG_INFO = NO;
				MTL_FAST_MATH = YES;
				SDKROOT = iphoneos;
				SWIFT_COMPILATION_MODE = wholemodule;
				SWIFT_EMIT_LOC_STRINGS = YES;
				VALIDATE_PRODUCT = YES;
			};
			name = Release;
		};
		980391DB2CAC659A003DB494 /* Debug */ = {
			isa = XCBuildConfiguration;
			buildSettings = {
				ASSETCATALOG_COMPILER_APPICON_NAME = AppIcon;
				ASSETCATALOG_COMPILER_GLOBAL_ACCENT_COLOR_NAME = AccentColor;
				CODE_SIGN_STYLE = Automatic;
				CURRENT_PROJECT_VERSION = 1;
				DEVELOPMENT_TEAM = Z293KP6GF8;
				GENERATE_INFOPLIST_FILE = YES;
				INFOPLIST_FILE = BatApp/Info.plist;
				INFOPLIST_KEY_NSCameraUsageDescription = "I want to access to your camera.";
				INFOPLIST_KEY_NSLocationAlwaysAndWhenInUseUsageDescription = "To be able to track your position we need access to your location.";
				INFOPLIST_KEY_NSLocationAlwaysUsageDescription = "To be able to track your position we need access to your location.";
				INFOPLIST_KEY_NSLocationUsageDescription = "To be able to track your position we need access to your location.";
				INFOPLIST_KEY_NSLocationWhenInUseUsageDescription = "To be able to track your position we need access to your location.";
				INFOPLIST_KEY_NSPhotoLibraryUsageDescription = "I want to access to your gallery.";
				INFOPLIST_KEY_UIApplicationSupportsIndirectInputEvents = YES;
				INFOPLIST_KEY_UILaunchStoryboardName = LaunchScreen;
				INFOPLIST_KEY_UIMainStoryboardFile = Main;
				INFOPLIST_KEY_UISupportedInterfaceOrientations_iPad = "UIInterfaceOrientationPortrait UIInterfaceOrientationPortraitUpsideDown UIInterfaceOrientationLandscapeLeft UIInterfaceOrientationLandscapeRight";
				INFOPLIST_KEY_UISupportedInterfaceOrientations_iPhone = "UIInterfaceOrientationPortrait UIInterfaceOrientationLandscapeLeft UIInterfaceOrientationLandscapeRight";
				LD_RUNPATH_SEARCH_PATHS = (
					"$(inherited)",
					"@executable_path/Frameworks",
				);
				MARKETING_VERSION = 1.0;
				PRODUCT_BUNDLE_IDENTIFIER = gemmayebra.BatApp;
				PRODUCT_NAME = "$(TARGET_NAME)";
				SWIFT_EMIT_LOC_STRINGS = YES;
				SWIFT_VERSION = 5.0;
				TARGETED_DEVICE_FAMILY = "1,2";
			};
			name = Debug;
		};
		980391DC2CAC659A003DB494 /* Release */ = {
			isa = XCBuildConfiguration;
			buildSettings = {
				ASSETCATALOG_COMPILER_APPICON_NAME = AppIcon;
				ASSETCATALOG_COMPILER_GLOBAL_ACCENT_COLOR_NAME = AccentColor;
				CODE_SIGN_STYLE = Automatic;
				CURRENT_PROJECT_VERSION = 1;
				DEVELOPMENT_TEAM = Z293KP6GF8;
				GENERATE_INFOPLIST_FILE = YES;
				INFOPLIST_FILE = BatApp/Info.plist;
				INFOPLIST_KEY_NSCameraUsageDescription = "I want to access to your camera.";
				INFOPLIST_KEY_NSLocationAlwaysAndWhenInUseUsageDescription = "To be able to track your position we need access to your location.";
				INFOPLIST_KEY_NSLocationAlwaysUsageDescription = "To be able to track your position we need access to your location.";
				INFOPLIST_KEY_NSLocationUsageDescription = "To be able to track your position we need access to your location.";
				INFOPLIST_KEY_NSLocationWhenInUseUsageDescription = "To be able to track your position we need access to your location.";
				INFOPLIST_KEY_NSPhotoLibraryUsageDescription = "I want to access to your gallery.";
				INFOPLIST_KEY_UIApplicationSupportsIndirectInputEvents = YES;
				INFOPLIST_KEY_UILaunchStoryboardName = LaunchScreen;
				INFOPLIST_KEY_UIMainStoryboardFile = Main;
				INFOPLIST_KEY_UISupportedInterfaceOrientations_iPad = "UIInterfaceOrientationPortrait UIInterfaceOrientationPortraitUpsideDown UIInterfaceOrientationLandscapeLeft UIInterfaceOrientationLandscapeRight";
				INFOPLIST_KEY_UISupportedInterfaceOrientations_iPhone = "UIInterfaceOrientationPortrait UIInterfaceOrientationLandscapeLeft UIInterfaceOrientationLandscapeRight";
				LD_RUNPATH_SEARCH_PATHS = (
					"$(inherited)",
					"@executable_path/Frameworks",
				);
				MARKETING_VERSION = 1.0;
				PRODUCT_BUNDLE_IDENTIFIER = gemmayebra.BatApp;
				PRODUCT_NAME = "$(TARGET_NAME)";
				SWIFT_EMIT_LOC_STRINGS = YES;
				SWIFT_VERSION = 5.0;
				TARGETED_DEVICE_FAMILY = "1,2";
			};
			name = Release;
		};
/* End XCBuildConfiguration section */

/* Begin XCConfigurationList section */
		980391C12CAC6599003DB494 /* Build configuration list for PBXProject "BatApp" */ = {
			isa = XCConfigurationList;
			buildConfigurations = (
				980391D82CAC659A003DB494 /* Debug */,
				980391D92CAC659A003DB494 /* Release */,
			);
			defaultConfigurationIsVisible = 0;
			defaultConfigurationName = Release;
		};
		980391DA2CAC659A003DB494 /* Build configuration list for PBXNativeTarget "BatApp" */ = {
			isa = XCConfigurationList;
			buildConfigurations = (
				980391DB2CAC659A003DB494 /* Debug */,
				980391DC2CAC659A003DB494 /* Release */,
			);
			defaultConfigurationIsVisible = 0;
			defaultConfigurationName = Release;
		};
/* End XCConfigurationList section */

/* Begin XCRemoteSwiftPackageReference section */
		9815E3332CFC786600FB9749 /* XCRemoteSwiftPackageReference "CoreStore" */ = {
			isa = XCRemoteSwiftPackageReference;
			repositoryURL = "https://github.com/JohnEstropia/CoreStore";
			requirement = {
				kind = upToNextMajorVersion;
				minimumVersion = 9.3.0;
			};
		};
		988EDA722CF22A1A00F78452 /* XCRemoteSwiftPackageReference "Alamofire" */ = {
			isa = XCRemoteSwiftPackageReference;
			repositoryURL = "https://github.com/Alamofire/Alamofire";
			requirement = {
				kind = upToNextMajorVersion;
				minimumVersion = 5.10.1;
			};
		};
		988EDA752CF22A5C00F78452 /* XCRemoteSwiftPackageReference "SwiftyJSON" */ = {
			isa = XCRemoteSwiftPackageReference;
			repositoryURL = "https://github.com/SwiftyJSON/SwiftyJSON";
			requirement = {
				kind = upToNextMajorVersion;
				minimumVersion = 5.0.2;
			};
		};
		988EDA782CF22A7800F78452 /* XCRemoteSwiftPackageReference "SDWebImage" */ = {
			isa = XCRemoteSwiftPackageReference;
			repositoryURL = "https://github.com/SDWebImage/SDWebImage";
			requirement = {
				kind = upToNextMajorVersion;
				minimumVersion = 5.20.0;
			};
		};
		988EDA7D2CF22A9600F78452 /* XCRemoteSwiftPackageReference "IQKeyboardManager" */ = {
			isa = XCRemoteSwiftPackageReference;
			repositoryURL = "https://github.com/hackiftekhar/IQKeyboardManager";
			requirement = {
				kind = upToNextMajorVersion;
				minimumVersion = 8.0.0;
			};
		};
/* End XCRemoteSwiftPackageReference section */

/* Begin XCSwiftPackageProductDependency section */
		9815E3342CFC786600FB9749 /* CoreStore */ = {
			isa = XCSwiftPackageProductDependency;
			package = 9815E3332CFC786600FB9749 /* XCRemoteSwiftPackageReference "CoreStore" */;
			productName = CoreStore;
		};
		988EDA732CF22A1A00F78452 /* Alamofire */ = {
			isa = XCSwiftPackageProductDependency;
			package = 988EDA722CF22A1A00F78452 /* XCRemoteSwiftPackageReference "Alamofire" */;
			productName = Alamofire;
		};
		988EDA762CF22A5C00F78452 /* SwiftyJSON */ = {
			isa = XCSwiftPackageProductDependency;
			package = 988EDA752CF22A5C00F78452 /* XCRemoteSwiftPackageReference "SwiftyJSON" */;
			productName = SwiftyJSON;
		};
		988EDA792CF22A7800F78452 /* SDWebImage */ = {
			isa = XCSwiftPackageProductDependency;
			package = 988EDA782CF22A7800F78452 /* XCRemoteSwiftPackageReference "SDWebImage" */;
			productName = SDWebImage;
		};
		988EDA7B2CF22A7800F78452 /* SDWebImageMapKit */ = {
			isa = XCSwiftPackageProductDependency;
			package = 988EDA782CF22A7800F78452 /* XCRemoteSwiftPackageReference "SDWebImage" */;
			productName = SDWebImageMapKit;
		};
		988EDA7E2CF22A9600F78452 /* IQKeyboardManagerSwift */ = {
			isa = XCSwiftPackageProductDependency;
			package = 988EDA7D2CF22A9600F78452 /* XCRemoteSwiftPackageReference "IQKeyboardManager" */;
			productName = IQKeyboardManagerSwift;
		};
/* End XCSwiftPackageProductDependency section */

/* Begin XCVersionGroup section */
		98C4DF8F2CFEFAAD0034E0D8 /* BatApp.xcdatamodeld */ = {
			isa = XCVersionGroup;
			children = (
				98C4DF902CFEFAAD0034E0D8 /* BatApp.xcdatamodel */,
			);
			currentVersion = 98C4DF902CFEFAAD0034E0D8 /* BatApp.xcdatamodel */;
			path = BatApp.xcdatamodeld;
			sourceTree = "<group>";
			versionGroupType = wrapper.xcdatamodel;
		};
/* End XCVersionGroup section */
	};
	rootObject = 980391BE2CAC6599003DB494 /* Project object */;
}
